
Microsoft Visual Studio Solution File, Format Version 12.00
# Visual Studio 15
VisualStudioVersion = 15.0.27004.2002
MinimumVisualStudioVersion = 10.0.40219.1
Project("{8BC9CEB8-8B4A-11D0-8D11-00A0C91BC942}") = "D3D12", "D3D12.vcxproj", "{BCE1B73D-D62F-452E-A9D6-4AB91ADAA446}"
EndProject
Global
	GlobalSection(SolutionConfigurationPlatforms) = preSolution
		Debug|x64 = Debug|x64
		Debug|x86 = Debug|x86
		Release|x64 = Release|x64
		Release|x86 = Release|x86
	EndGlobalSection
	GlobalSection(ProjectConfigurationPlatforms) = postSolution
		{BCE1B73D-D62F-452E-A9D6-4AB91ADAA446}.Debug|x64.ActiveCfg = Debug|x64
		{BCE1B73D-D62F-452E-A9D6-4AB91ADAA446}.Debug|x64.Build.0 = Debug|x64
		{BCE1B73D-D62F-452E-A9D6-4AB91ADAA446}.Debug|x86.ActiveCfg = Debug|Win32
		{BCE1B73D-D62F-452E-A9D6-4AB91ADAA446}.Debug|x86.Build.0 = Debug|Win32
		{BCE1B73D-D62F-452E-A9D6-4AB91ADAA446}.Release|x64.ActiveCfg = Release|x64
		{BCE1B73D-D62F-452E-A9D6-4AB91ADAA446}.Release|x64.Build.0 = Release|x64
		{BCE1B73D-D62F-452E-A9D6-4AB91ADAA446}.Release|x86.ActiveCfg = Release|Win32
		{BCE1B73D-D62F-452E-A9D6-4AB91ADAA446}.Release|x86.Build.0 = Release|Win32
	EndGlobalSection
	GlobalSection(SolutionProperties) = preSolution
		HideSolutionNode = FALSE
	EndGlobalSection
	GlobalSection(ExtensibilityGlobals) = postSolution
		SolutionGuid = {7F32A15C-F0AC-4AD6-952E-B360E7F7602C}
	EndGlobalSection
EndGlobal
